{
  "name": "capval",
  "version": "1.2.0",
  "lockfileVersion": 3,
  "requires": true,
  "packages": {
    "": {
      "name": "capval",
      "version": "1.2.0",
      "license": "ISC",
      "dependencies": {
        "@sap/textbundle": "^4.3.0",
        "mustache": "^4.2.0"
      }
    },
    "node_modules/@sap/textbundle": {
      "version": "4.3.0",
      "resolved": "https://registry.npmjs.org/@sap/textbundle/-/textbundle-4.3.0.tgz",
      "integrity": "sha512-0eKjzclqIoJ9Kb8OT1fPhcId2Kejy0qvyHYONQ4ZXgAeaG2vcWyWEcnZYvGdW100hddgaJ6AHWhVqlH/GRtQ0w==",
      "hasShrinkwrap": true,
      "engines": {
        "node": "^8.0.0 || ^10.0.0 || ^12.0.0 || ^14.0.0 || ^16.0.0 || ^18.0.0 || ^20.0.0"
      }
    },
    "node_modules/mustache": {
      "version": "4.2.0",
      "resolved": "https://registry.npmjs.org/mustache/-/mustache-4.2.0.tgz",
      "integrity": "sha512-71ippSywq5Yb7/tVYyGbkBggbU8H3u5Rz56fH60jGFgr8uHwxs+aSKeqmluIVzM0m0kB7xQjKS6qPfd0b2ZoqQ==",
      "bin": {
        "mustache": "bin/mustache"
      }
    }
  }
}
