{
    "name": "capval",
    "version": "2.0.5",
    "lockfileVersion": 3,
    "requires": true,
    "packages": {
        "": {
            "name": "capval",
            "version": "2.0.5",
            "license": "ISC",
            "dependencies": {
                "@sap/textbundle": "^5.2.0",
                "mustache": "^4.2.0"
            }
        },
        "node_modules/@sap/textbundle": {
            "version": "5.3.0",
            "resolved": "https://registry.npmjs.org/@sap/textbundle/-/textbundle-5.3.0.tgz",
            "integrity": "sha512-ryMzcji73VIljPlD9RcbIDeG0ObXaGd/tYE762muTtmeVlPhIGJR8MOrWtvlW5XduIeH53R2otbNxXASg+RVgA==",
            "engines": {
                "node": "^18.0.0 || ^20.0.0 || ^22.0.0"
            }
        },
        "node_modules/mustache": {
            "version": "4.2.0",
            "resolved": "https://registry.npmjs.org/mustache/-/mustache-4.2.0.tgz",
            "integrity": "sha512-71ippSywq5Yb7/tVYyGbkBggbU8H3u5Rz56fH60jGFgr8uHwxs+aSKeqmluIVzM0m0kB7xQjKS6qPfd0b2ZoqQ==",
            "license": "MIT",
            "bin": {
                "mustache": "bin/mustache"
            }
        }
    }
}
